
Microsoft Visual Studio Solution File, Format Version 12.00
# Visual Studio Version 16
VisualStudioVersion = 17.0.31611.283
MinimumVisualStudioVersion = 10.0.40219.1
Project("{9A19103F-16F7-4668-BE54-9A1E7A4F7556}") = "Senshost", "Senshost\Senshost.csproj", "{351BEC89-E32C-447E-BF89-8C0BFBC06B46}"
EndProject
Project("{FAE04EC0-301F-11D3-BF4B-00C04F79EFBC}") = "Senshost.Common", "Senshost.Common\Senshost.Common.csproj", "{E2109EEE-2212-4479-8C49-2EF5D6C77471}"
EndProject
Project("{FAE04EC0-301F-11D3-BF4B-00C04F79EFBC}") = "Senshost.Models", "Senshost.Models\Senshost.Models.csproj", "{F8795BE8-8B00-4194-904D-419EC7FEB4E4}"
EndProject
Project("{FAE04EC0-301F-11D3-BF4B-00C04F79EFBC}") = "Senshost.Services", "Senshost.Services\Senshost.Services.csproj", "{629A78B6-0867-4063-BD8E-926BC27AD2A6}"
EndProject
Global
	GlobalSection(SolutionConfigurationPlatforms) = preSolution
		Debug|Any CPU = Debug|Any CPU
		Release|Any CPU = Release|Any CPU
		Dev|Any CPU = Dev|Any CPU
	EndGlobalSection
	GlobalSection(ProjectConfigurationPlatforms) = postSolution
		{351BEC89-E32C-447E-BF89-8C0BFBC06B46}.Debug|Any CPU.ActiveCfg = Debug|Any CPU
		{351BEC89-E32C-447E-BF89-8C0BFBC06B46}.Debug|Any CPU.Build.0 = Debug|Any CPU
		{351BEC89-E32C-447E-BF89-8C0BFBC06B46}.Debug|Any CPU.Deploy.0 = Debug|Any CPU
		{351BEC89-E32C-447E-BF89-8C0BFBC06B46}.Release|Any CPU.ActiveCfg = Release|Any CPU
		{351BEC89-E32C-447E-BF89-8C0BFBC06B46}.Release|Any CPU.Build.0 = Release|Any CPU
		{351BEC89-E32C-447E-BF89-8C0BFBC06B46}.Release|Any CPU.Deploy.0 = Release|Any CPU
		{351BEC89-E32C-447E-BF89-8C0BFBC06B46}.Dev|Any CPU.ActiveCfg = Debug|Any CPU
		{351BEC89-E32C-447E-BF89-8C0BFBC06B46}.Dev|Any CPU.Build.0 = Debug|Any CPU
		{E2109EEE-2212-4479-8C49-2EF5D6C77471}.Debug|Any CPU.ActiveCfg = Debug|Any CPU
		{E2109EEE-2212-4479-8C49-2EF5D6C77471}.Debug|Any CPU.Build.0 = Debug|Any CPU
		{E2109EEE-2212-4479-8C49-2EF5D6C77471}.Release|Any CPU.ActiveCfg = Release|Any CPU
		{E2109EEE-2212-4479-8C49-2EF5D6C77471}.Release|Any CPU.Build.0 = Release|Any CPU
		{E2109EEE-2212-4479-8C49-2EF5D6C77471}.Dev|Any CPU.ActiveCfg = Dev|Any CPU
		{E2109EEE-2212-4479-8C49-2EF5D6C77471}.Dev|Any CPU.Build.0 = Dev|Any CPU
		{F8795BE8-8B00-4194-904D-419EC7FEB4E4}.Debug|Any CPU.ActiveCfg = Debug|Any CPU
		{F8795BE8-8B00-4194-904D-419EC7FEB4E4}.Debug|Any CPU.Build.0 = Debug|Any CPU
		{F8795BE8-8B00-4194-904D-419EC7FEB4E4}.Release|Any CPU.ActiveCfg = Release|Any CPU
		{F8795BE8-8B00-4194-904D-419EC7FEB4E4}.Release|Any CPU.Build.0 = Release|Any CPU
		{F8795BE8-8B00-4194-904D-419EC7FEB4E4}.Dev|Any CPU.ActiveCfg = Dev|Any CPU
		{F8795BE8-8B00-4194-904D-419EC7FEB4E4}.Dev|Any CPU.Build.0 = Dev|Any CPU
		{629A78B6-0867-4063-BD8E-926BC27AD2A6}.Debug|Any CPU.ActiveCfg = Debug|Any CPU
		{629A78B6-0867-4063-BD8E-926BC27AD2A6}.Debug|Any CPU.Build.0 = Debug|Any CPU
		{629A78B6-0867-4063-BD8E-926BC27AD2A6}.Release|Any CPU.ActiveCfg = Release|Any CPU
		{629A78B6-0867-4063-BD8E-926BC27AD2A6}.Release|Any CPU.Build.0 = Release|Any CPU
		{629A78B6-0867-4063-BD8E-926BC27AD2A6}.Dev|Any CPU.ActiveCfg = Dev|Any CPU
		{629A78B6-0867-4063-BD8E-926BC27AD2A6}.Dev|Any CPU.Build.0 = Dev|Any CPU
	EndGlobalSection
	GlobalSection(SolutionProperties) = preSolution
		HideSolutionNode = FALSE
	EndGlobalSection
	GlobalSection(ExtensibilityGlobals) = postSolution
		SolutionGuid = {61F7FB11-1E47-470C-91E2-47F8143E1572}
	EndGlobalSection
EndGlobal
